// !$*UTF8*$!
{
	archiveVersion = 1;
	classes = {
	};
	objectVersion = 56;
	objects = {

/* Begin PBXBuildFile section */
		5A12CC042B14F56600AA15F4 /* AUv3Effects.swift in Sources */ = {isa = PBXBuildFile; fileRef = 5A12CC032B14F56600AA15F4 /* AUv3Effects.swift */; };
		5A2B889E2AF1479100366695 /* AudioKit_ExperimentsApp.swift in Sources */ = {isa = PBXBuildFile; fileRef = 5A2B889D2AF1479100366695 /* AudioKit_ExperimentsApp.swift */; };
		5A2B88A02AF1479100366695 /* ContentView.swift in Sources */ = {isa = PBXBuildFile; fileRef = 5A2B889F2AF1479100366695 /* ContentView.swift */; };
		5A2B88A22AF1479200366695 /* Assets.xcassets in Resources */ = {isa = PBXBuildFile; fileRef = 5A2B88A12AF1479200366695 /* Assets.xcassets */; };
		5A2B88A52AF1479200366695 /* Preview Assets.xcassets in Resources */ = {isa = PBXBuildFile; fileRef = 5A2B88A42AF1479200366695 /* Preview Assets.xcassets */; };
		5A2B88AF2AF1479300366695 /* AudioKit_ExperimentsTests.swift in Sources */ = {isa = PBXBuildFile; fileRef = 5A2B88AE2AF1479300366695 /* AudioKit_ExperimentsTests.swift */; };
		5A2B88B92AF1479300366695 /* AudioKit_ExperimentsUITests.swift in Sources */ = {isa = PBXBuildFile; fileRef = 5A2B88B82AF1479300366695 /* AudioKit_ExperimentsUITests.swift */; };
		5A2B88BB2AF1479300366695 /* AudioKit_ExperimentsUITestsLaunchTests.swift in Sources */ = {isa = PBXBuildFile; fileRef = 5A2B88BA2AF1479300366695 /* AudioKit_ExperimentsUITestsLaunchTests.swift */; };
		5A2B88C92AF1483700366695 /* AudioKit in Frameworks */ = {isa = PBXBuildFile; productRef = 5A2B88C82AF1483700366695 /* AudioKit */; };
		5A2B88CB2AF1548D00366695 /* SwiftUIElements.swift in Sources */ = {isa = PBXBuildFile; fileRef = 5A2B88CA2AF1548D00366695 /* SwiftUIElements.swift */; };
		5A2B88CE2AF154B200366695 /* Keyboard in Frameworks */ = {isa = PBXBuildFile; productRef = 5A2B88CD2AF154B200366695 /* Keyboard */; };
		5A2B88D12AF1555100366695 /* SoundFont.swift in Sources */ = {isa = PBXBuildFile; fileRef = 5A2B88CF2AF1555100366695 /* SoundFont.swift */; };
		5A2B88D52AF1558B00366695 /* MIDIKit in Frameworks */ = {isa = PBXBuildFile; productRef = 5A2B88D42AF1558B00366695 /* MIDIKit */; };
		5A2B88D92AF1565E00366695 /* AudioKitUI in Frameworks */ = {isa = PBXBuildFile; productRef = 5A2B88D82AF1565E00366695 /* AudioKitUI */; };
		5A2B88DB2AF157D100366695 /* Sounds in Resources */ = {isa = PBXBuildFile; fileRef = 5A2B88DA2AF157D100366695 /* Sounds */; };
		5A69866F2B0CDB0600E79380 /* RandomMIDI.swift in Sources */ = {isa = PBXBuildFile; fileRef = 5A69866E2B0CDB0600E79380 /* RandomMIDI.swift */; };
		5A8D75472B0E589F003D1249 /* AudioKitEX in Frameworks */ = {isa = PBXBuildFile; productRef = 5A8D75462B0E589F003D1249 /* AudioKitEX */; };
		5A8D75492B0E593A003D1249 /* DunneAudioKit in Frameworks */ = {isa = PBXBuildFile; productRef = 5A8D75482B0E593A003D1249 /* DunneAudioKit */; };
		5A8D754D2B0E83A5003D1249 /* MainInterface.storyboard in Resources */ = {isa = PBXBuildFile; fileRef = 5A8D754C2B0E83A5003D1249 /* MainInterface.storyboard */; };
		5A8D75502B0E90D6003D1249 /* SoundpipeAudioKit in Frameworks */ = {isa = PBXBuildFile; productRef = 5A8D754F2B0E90D6003D1249 /* SoundpipeAudioKit */; };
		5A8D75522B0E90E4003D1249 /* SoundpipeAudioKit in Frameworks */ = {isa = PBXBuildFile; productRef = 5A8D75512B0E90E4003D1249 /* SoundpipeAudioKit */; };
		5A8D75542B1118F6003D1249 /* UIKitKnob.swift in Sources */ = {isa = PBXBuildFile; fileRef = 5A8D75532B1118F6003D1249 /* UIKitKnob.swift */; };
		5A8D75552B116D91003D1249 /* Assets.xcassets in Resources */ = {isa = PBXBuildFile; fileRef = 5A2B88A12AF1479200366695 /* Assets.xcassets */; };
		5A99A6642B0D6B37003A2EFB /* AudioUnitViewController.swift in Sources */ = {isa = PBXBuildFile; fileRef = 5A99A6632B0D6B37003A2EFB /* AudioUnitViewController.swift */; };
		5A99A6682B0D6B37003A2EFB /* AudioKit-Experiments-Effects.appex in Embed Foundation Extensions */ = {isa = PBXBuildFile; fileRef = 5A99A6392B0D6B37003A2EFB /* AudioKit-Experiments-Effects.appex */; settings = {ATTRIBUTES = (RemoveHeadersOnCopy, ); }; };
		5A99A6702B0D8824003A2EFB /* AudioKit in Frameworks */ = {isa = PBXBuildFile; productRef = 5A99A66F2B0D8824003A2EFB /* AudioKit */; };
		5ACD75832AF16D3D000E0A0E /* SoundFont+MIDI.swift in Sources */ = {isa = PBXBuildFile; fileRef = 5ACD75822AF16D3D000E0A0E /* SoundFont+MIDI.swift */; };
		5ACD75862AF17EE5000E0A0E /* CircularVisualizer.swift in Sources */ = {isa = PBXBuildFile; fileRef = 5ACD75852AF17EE5000E0A0E /* CircularVisualizer.swift */; };
		5ACD75882AF1822A000E0A0E /* FFTView2.swift in Sources */ = {isa = PBXBuildFile; fileRef = 5ACD75872AF1822A000E0A0E /* FFTView2.swift */; };
		5ACD758A2AF456FB000E0A0E /* LinearVisualizer.swift in Sources */ = {isa = PBXBuildFile; fileRef = 5ACD75892AF456FB000E0A0E /* LinearVisualizer.swift */; };
		5ACD758C2AF53E21000E0A0E /* NodeRecorder2.swift in Sources */ = {isa = PBXBuildFile; fileRef = 5ACD758B2AF53E21000E0A0E /* NodeRecorder2.swift */; };
		5ACD758E2AF53E34000E0A0E /* RecorderView.swift in Sources */ = {isa = PBXBuildFile; fileRef = 5ACD758D2AF53E34000E0A0E /* RecorderView.swift */; };
		5ACD75912AF53E49000E0A0E /* AudioKitEX in Frameworks */ = {isa = PBXBuildFile; productRef = 5ACD75902AF53E49000E0A0E /* AudioKitEX */; };
		5ACD75942AF53E57000E0A0E /* Waveform in Frameworks */ = {isa = PBXBuildFile; productRef = 5ACD75932AF53E57000E0A0E /* Waveform */; };
		5ACD75982AF57A4C000E0A0E /* SpriteSound.swift in Sources */ = {isa = PBXBuildFile; fileRef = 5ACD75972AF57A4C000E0A0E /* SpriteSound.swift */; };
		5ACD759B2AF85C6F000E0A0E /* LFOView.swift in Sources */ = {isa = PBXBuildFile; fileRef = 5ACD759A2AF85C6F000E0A0E /* LFOView.swift */; };
		5ACD75A02AF9799F000E0A0E /* SporthAudioKit in Frameworks */ = {isa = PBXBuildFile; productRef = 5ACD759F2AF9799F000E0A0E /* SporthAudioKit */; };
		5AD948512B01A7C000780DE2 /* InstrumentAUPreset.swift in Sources */ = {isa = PBXBuildFile; fileRef = 5AD948502B01A7C000780DE2 /* InstrumentAUPreset.swift */; };
		5AD948552B02B7B200780DE2 /* CookbookKnob.swift in Sources */ = {isa = PBXBuildFile; fileRef = 5AD948542B02B7B200780DE2 /* CookbookKnob.swift */; };
		5AD948592B04F50500780DE2 /* InstrumentSFZ.swift in Sources */ = {isa = PBXBuildFile; fileRef = 5AD948582B04F50500780DE2 /* InstrumentSFZ.swift */; };
		5AD9485C2B04F93D00780DE2 /* DunneAudioKit in Frameworks */ = {isa = PBXBuildFile; productRef = 5AD9485B2B04F93D00780DE2 /* DunneAudioKit */; };
		5AD9485E2B04F98900780DE2 /* ParameterRow.swift in Sources */ = {isa = PBXBuildFile; fileRef = 5AD9485D2B04F98900780DE2 /* ParameterRow.swift */; };
		5AD948602B05056800780DE2 /* PolyphonicSynth.swift in Sources */ = {isa = PBXBuildFile; fileRef = 5AD9485F2B05056800780DE2 /* PolyphonicSynth.swift */; };
		5AD948DB2B06A56F00780DE2 /* Arpeggiator.swift in Sources */ = {isa = PBXBuildFile; fileRef = 5AD948DA2B06A56F00780DE2 /* Arpeggiator.swift */; };
		5AF8AA832B0BDB89005F3F10 /* README.md in Resources */ = {isa = PBXBuildFile; fileRef = 5AF8AA822B0BDB89005F3F10 /* README.md */; };
		5AF8AA882B0BDB89005F3F10 /* ParameterSpecBase.swift in Sources */ = {isa = PBXBuildFile; fileRef = 5AF8AA872B0BDB89005F3F10 /* ParameterSpecBase.swift */; };
		5AF8AA8B2B0BDB89005F3F10 /* CrossPlatform.swift in Sources */ = {isa = PBXBuildFile; fileRef = 5AF8AA8A2B0BDB89005F3F10 /* CrossPlatform.swift */; };
		5AF8AA8D2B0BDB89005F3F10 /* String+Utils.swift in Sources */ = {isa = PBXBuildFile; fileRef = 5AF8AA8C2B0BDB89005F3F10 /* String+Utils.swift */; };
		5AF8AA912B0BDB89005F3F10 /* AudioKit_Experiments_MIDIAudioUnit.mm in Sources */ = {isa = PBXBuildFile; fileRef = 5AF8AA902B0BDB89005F3F10 /* AudioKit_Experiments_MIDIAudioUnit.mm */; };
		5AF8AA942B0BDB89005F3F10 /* AudioKit_Experiments_MIDIAUProcessHelper.hpp in Resources */ = {isa = PBXBuildFile; fileRef = 5AF8AA932B0BDB89005F3F10 /* AudioKit_Experiments_MIDIAUProcessHelper.hpp */; };
		5AF8AA982B0BDB89005F3F10 /* Parameters.swift in Sources */ = {isa = PBXBuildFile; fileRef = 5AF8AA972B0BDB89005F3F10 /* Parameters.swift */; };
		5AF8AA9B2B0BDB89005F3F10 /* AudioKit_Experiments_MIDIDSPKernel.hpp in Resources */ = {isa = PBXBuildFile; fileRef = 5AF8AA9A2B0BDB89005F3F10 /* AudioKit_Experiments_MIDIDSPKernel.hpp */; };
		5AF8AA9E2B0BDB89005F3F10 /* AudioKit_Experiments_MIDIMainView.swift in Sources */ = {isa = PBXBuildFile; fileRef = 5AF8AA9D2B0BDB89005F3F10 /* AudioKit_Experiments_MIDIMainView.swift */; };
		5AF8AAA02B0BDB89005F3F10 /* MomentaryButton.swift in Sources */ = {isa = PBXBuildFile; fileRef = 5AF8AA9F2B0BDB89005F3F10 /* MomentaryButton.swift */; };
		5AF8AAA22B0BDB89005F3F10 /* ParameterSlider.swift in Sources */ = {isa = PBXBuildFile; fileRef = 5AF8AAA12B0BDB89005F3F10 /* ParameterSlider.swift */; };
		5AF8AAA72B0BDB89005F3F10 /* MainInterface.storyboard in Resources */ = {isa = PBXBuildFile; fileRef = 5AF8AAA52B0BDB89005F3F10 /* MainInterface.storyboard */; };
		5AF8AAA92B0BDB89005F3F10 /* ObservableAUParameter.swift in Sources */ = {isa = PBXBuildFile; fileRef = 5AF8AAA82B0BDB89005F3F10 /* ObservableAUParameter.swift */; };
		5AF8AAAB2B0BDB89005F3F10 /* AudioUnitViewController.swift in Sources */ = {isa = PBXBuildFile; fileRef = 5AF8AAAA2B0BDB89005F3F10 /* AudioUnitViewController.swift */; };
		5AF8AAAF2B0BDB89005F3F10 /* AudioKit-Experiments-MIDI.appex in Embed Foundation Extensions */ = {isa = PBXBuildFile; fileRef = 5AF8AA802B0BDB89005F3F10 /* AudioKit-Experiments-MIDI.appex */; settings = {ATTRIBUTES = (RemoveHeadersOnCopy, ); }; };
		5AF8AAF12B0BDC71005F3F10 /* AudioKit in Frameworks */ = {isa = PBXBuildFile; productRef = 5AF8AAF02B0BDC71005F3F10 /* AudioKit */; };
/* End PBXBuildFile section */

/* Begin PBXContainerItemProxy section */
		5A2B88AB2AF1479300366695 /* PBXContainerItemProxy */ = {
			isa = PBXContainerItemProxy;
			containerPortal = 5A2B88922AF1479100366695 /* Project object */;
			proxyType = 1;
			remoteGlobalIDString = 5A2B88992AF1479100366695;
			remoteInfo = "AudioKit-Experiments";
		};
		5A2B88B52AF1479300366695 /* PBXContainerItemProxy */ = {
			isa = PBXContainerItemProxy;
			containerPortal = 5A2B88922AF1479100366695 /* Project object */;
			proxyType = 1;
			remoteGlobalIDString = 5A2B88992AF1479100366695;
			remoteInfo = "AudioKit-Experiments";
		};
		5A99A6662B0D6B37003A2EFB /* PBXContainerItemProxy */ = {
			isa = PBXContainerItemProxy;
			containerPortal = 5A2B88922AF1479100366695 /* Project object */;
			proxyType = 1;
			remoteGlobalIDString = 5A99A6382B0D6B37003A2EFB;
			remoteInfo = "AudioKit-Experiments-Effects";
		};
		5AF8AAAD2B0BDB89005F3F10 /* PBXContainerItemProxy */ = {
			isa = PBXContainerItemProxy;
			containerPortal = 5A2B88922AF1479100366695 /* Project object */;
			proxyType = 1;
			remoteGlobalIDString = 5AF8AA7F2B0BDB89005F3F10;
			remoteInfo = "AudioKit-Experiments-MIDI";
		};
/* End PBXContainerItemProxy section */

/* Begin PBXCopyFilesBuildPhase section */
		5AF8AAB12B0BDB8A005F3F10 /* Embed Foundation Extensions */ = {
			isa = PBXCopyFilesBuildPhase;
			buildActionMask = 2147483647;
			dstPath = "";
			dstSubfolderSpec = 13;
			files = (
				5A99A6682B0D6B37003A2EFB /* AudioKit-Experiments-Effects.appex in Embed Foundation Extensions */,
				5AF8AAAF2B0BDB89005F3F10 /* AudioKit-Experiments-MIDI.appex in Embed Foundation Extensions */,
			);
			name = "Embed Foundation Extensions";
			runOnlyForDeploymentPostprocessing = 0;
		};
/* End PBXCopyFilesBuildPhase section */

/* Begin PBXFileReference section */
		5A12CC032B14F56600AA15F4 /* AUv3Effects.swift */ = {isa = PBXFileReference; lastKnownFileType = sourcecode.swift; path = AUv3Effects.swift; sourceTree = "<group>"; };
		5A2B889A2AF1479100366695 /* AudioKit-Experiments.app */ = {isa = PBXFileReference; explicitFileType = wrapper.application; includeInIndex = 0; path = "AudioKit-Experiments.app"; sourceTree = BUILT_PRODUCTS_DIR; };
		5A2B889D2AF1479100366695 /* AudioKit_ExperimentsApp.swift */ = {isa = PBXFileReference; lastKnownFileType = sourcecode.swift; path = AudioKit_ExperimentsApp.swift; sourceTree = "<group>"; };
		5A2B889F2AF1479100366695 /* ContentView.swift */ = {isa = PBXFileReference; lastKnownFileType = sourcecode.swift; path = ContentView.swift; sourceTree = "<group>"; };
		5A2B88A12AF1479200366695 /* Assets.xcassets */ = {isa = PBXFileReference; lastKnownFileType = folder.assetcatalog; path = Assets.xcassets; sourceTree = "<group>"; };
		5A2B88A42AF1479200366695 /* Preview Assets.xcassets */ = {isa = PBXFileReference; lastKnownFileType = folder.assetcatalog; path = "Preview Assets.xcassets"; sourceTree = "<group>"; };
		5A2B88AA2AF1479300366695 /* AudioKit-ExperimentsTests.xctest */ = {isa = PBXFileReference; explicitFileType = wrapper.cfbundle; includeInIndex = 0; path = "AudioKit-ExperimentsTests.xctest"; sourceTree = BUILT_PRODUCTS_DIR; };
		5A2B88AE2AF1479300366695 /* AudioKit_ExperimentsTests.swift */ = {isa = PBXFileReference; lastKnownFileType = sourcecode.swift; path = AudioKit_ExperimentsTests.swift; sourceTree = "<group>"; };
		5A2B88B42AF1479300366695 /* AudioKit-ExperimentsUITests.xctest */ = {isa = PBXFileReference; explicitFileType = wrapper.cfbundle; includeInIndex = 0; path = "AudioKit-ExperimentsUITests.xctest"; sourceTree = BUILT_PRODUCTS_DIR; };
		5A2B88B82AF1479300366695 /* AudioKit_ExperimentsUITests.swift */ = {isa = PBXFileReference; lastKnownFileType = sourcecode.swift; path = AudioKit_ExperimentsUITests.swift; sourceTree = "<group>"; };
		5A2B88BA2AF1479300366695 /* AudioKit_ExperimentsUITestsLaunchTests.swift */ = {isa = PBXFileReference; lastKnownFileType = sourcecode.swift; path = AudioKit_ExperimentsUITestsLaunchTests.swift; sourceTree = "<group>"; };
		5A2B88CA2AF1548D00366695 /* SwiftUIElements.swift */ = {isa = PBXFileReference; fileEncoding = 4; lastKnownFileType = sourcecode.swift; path = SwiftUIElements.swift; sourceTree = "<group>"; };
		5A2B88CF2AF1555100366695 /* SoundFont.swift */ = {isa = PBXFileReference; fileEncoding = 4; lastKnownFileType = sourcecode.swift; path = SoundFont.swift; sourceTree = "<group>"; };
		5A2B88D62AF155C500366695 /* AudioKit-Experiments.entitlements */ = {isa = PBXFileReference; lastKnownFileType = text.plist.entitlements; path = "AudioKit-Experiments.entitlements"; sourceTree = "<group>"; };
		5A2B88DA2AF157D100366695 /* Sounds */ = {isa = PBXFileReference; lastKnownFileType = folder; path = Sounds; sourceTree = "<group>"; };
		5A69866E2B0CDB0600E79380 /* RandomMIDI.swift */ = {isa = PBXFileReference; lastKnownFileType = sourcecode.swift; path = RandomMIDI.swift; sourceTree = "<group>"; };
		5A8D754C2B0E83A5003D1249 /* MainInterface.storyboard */ = {isa = PBXFileReference; lastKnownFileType = file.storyboard; path = MainInterface.storyboard; sourceTree = "<group>"; };
		5A8D75532B1118F6003D1249 /* UIKitKnob.swift */ = {isa = PBXFileReference; fileEncoding = 4; lastKnownFileType = sourcecode.swift; path = UIKitKnob.swift; sourceTree = "<group>"; };
		5A99A6392B0D6B37003A2EFB /* AudioKit-Experiments-Effects.appex */ = {isa = PBXFileReference; explicitFileType = "wrapper.app-extension"; includeInIndex = 0; path = "AudioKit-Experiments-Effects.appex"; sourceTree = BUILT_PRODUCTS_DIR; };
		5A99A6632B0D6B37003A2EFB /* AudioUnitViewController.swift */ = {isa = PBXFileReference; lastKnownFileType = sourcecode.swift; path = AudioUnitViewController.swift; sourceTree = "<group>"; };
		5A99A6652B0D6B37003A2EFB /* Info.plist */ = {isa = PBXFileReference; lastKnownFileType = text.plist.xml; path = Info.plist; sourceTree = "<group>"; };
		5A99A6692B0D6B37003A2EFB /* AudioKit-Experiments-Effects.entitlements */ = {isa = PBXFileReference; lastKnownFileType = text.plist.entitlements; path = "AudioKit-Experiments-Effects.entitlements"; sourceTree = "<group>"; };
		5ACD75812AF16286000E0A0E /* Info.plist */ = {isa = PBXFileReference; lastKnownFileType = text.plist; path = Info.plist; sourceTree = "<group>"; };
		5ACD75822AF16D3D000E0A0E /* SoundFont+MIDI.swift */ = {isa = PBXFileReference; lastKnownFileType = sourcecode.swift; path = "SoundFont+MIDI.swift"; sourceTree = "<group>"; };
		5ACD75852AF17EE5000E0A0E /* CircularVisualizer.swift */ = {isa = PBXFileReference; lastKnownFileType = sourcecode.swift; path = CircularVisualizer.swift; sourceTree = "<group>"; };
		5ACD75872AF1822A000E0A0E /* FFTView2.swift */ = {isa = PBXFileReference; lastKnownFileType = sourcecode.swift; path = FFTView2.swift; sourceTree = "<group>"; };
		5ACD75892AF456FB000E0A0E /* LinearVisualizer.swift */ = {isa = PBXFileReference; fileEncoding = 4; lastKnownFileType = sourcecode.swift; path = LinearVisualizer.swift; sourceTree = "<group>"; };
		5ACD758B2AF53E21000E0A0E /* NodeRecorder2.swift */ = {isa = PBXFileReference; fileEncoding = 4; lastKnownFileType = sourcecode.swift; path = NodeRecorder2.swift; sourceTree = "<group>"; };
		5ACD758D2AF53E34000E0A0E /* RecorderView.swift */ = {isa = PBXFileReference; fileEncoding = 4; lastKnownFileType = sourcecode.swift; path = RecorderView.swift; sourceTree = "<group>"; };
		5ACD75972AF57A4C000E0A0E /* SpriteSound.swift */ = {isa = PBXFileReference; lastKnownFileType = sourcecode.swift; name = SpriteSound.swift; path = "AudioKit-Experiments/Examples/SpriteSound.swift"; sourceTree = SOURCE_ROOT; };
		5ACD759A2AF85C6F000E0A0E /* LFOView.swift */ = {isa = PBXFileReference; lastKnownFileType = sourcecode.swift; path = LFOView.swift; sourceTree = "<group>"; };
		5AD948502B01A7C000780DE2 /* InstrumentAUPreset.swift */ = {isa = PBXFileReference; lastKnownFileType = sourcecode.swift; path = InstrumentAUPreset.swift; sourceTree = "<group>"; };
		5AD948542B02B7B200780DE2 /* CookbookKnob.swift */ = {isa = PBXFileReference; fileEncoding = 4; lastKnownFileType = sourcecode.swift; path = CookbookKnob.swift; sourceTree = "<group>"; };
		5AD948582B04F50500780DE2 /* InstrumentSFZ.swift */ = {isa = PBXFileReference; lastKnownFileType = sourcecode.swift; path = InstrumentSFZ.swift; sourceTree = "<group>"; };
		5AD9485D2B04F98900780DE2 /* ParameterRow.swift */ = {isa = PBXFileReference; fileEncoding = 4; lastKnownFileType = sourcecode.swift; path = ParameterRow.swift; sourceTree = "<group>"; };
		5AD9485F2B05056800780DE2 /* PolyphonicSynth.swift */ = {isa = PBXFileReference; lastKnownFileType = sourcecode.swift; path = PolyphonicSynth.swift; sourceTree = "<group>"; };
		5AD9489D2B050B0200780DE2 /* DunneAudioKit */ = {isa = PBXFileReference; lastKnownFileType = wrapper; name = DunneAudioKit; path = ../../../Downloads/DunneAudioKit; sourceTree = "<group>"; };
		5AD948DA2B06A56F00780DE2 /* Arpeggiator.swift */ = {isa = PBXFileReference; lastKnownFileType = sourcecode.swift; path = Arpeggiator.swift; sourceTree = "<group>"; };
		5AF8AA802B0BDB89005F3F10 /* AudioKit-Experiments-MIDI.appex */ = {isa = PBXFileReference; explicitFileType = "wrapper.app-extension"; includeInIndex = 0; path = "AudioKit-Experiments-MIDI.appex"; sourceTree = BUILT_PRODUCTS_DIR; };
		5AF8AA822B0BDB89005F3F10 /* README.md */ = {isa = PBXFileReference; lastKnownFileType = net.daringfireball.markdown; path = README.md; sourceTree = "<group>"; };
		5AF8AA852B0BDB89005F3F10 /* AudioKit_Experiments_MIDI-Bridging-Header.h */ = {isa = PBXFileReference; lastKnownFileType = sourcecode.c.h; path = "AudioKit_Experiments_MIDI-Bridging-Header.h"; sourceTree = "<group>"; };
		5AF8AA872B0BDB89005F3F10 /* ParameterSpecBase.swift */ = {isa = PBXFileReference; lastKnownFileType = sourcecode.swift; path = ParameterSpecBase.swift; sourceTree = "<group>"; };
		5AF8AA8A2B0BDB89005F3F10 /* CrossPlatform.swift */ = {isa = PBXFileReference; lastKnownFileType = sourcecode.swift; path = CrossPlatform.swift; sourceTree = "<group>"; };
		5AF8AA8C2B0BDB89005F3F10 /* String+Utils.swift */ = {isa = PBXFileReference; lastKnownFileType = sourcecode.swift; path = "String+Utils.swift"; sourceTree = "<group>"; };
		5AF8AA8F2B0BDB89005F3F10 /* AudioKit_Experiments_MIDIAudioUnit.h */ = {isa = PBXFileReference; lastKnownFileType = sourcecode.c.h; path = AudioKit_Experiments_MIDIAudioUnit.h; sourceTree = "<group>"; };
		5AF8AA902B0BDB89005F3F10 /* AudioKit_Experiments_MIDIAudioUnit.mm */ = {isa = PBXFileReference; lastKnownFileType = sourcecode.cpp.objcpp; path = AudioKit_Experiments_MIDIAudioUnit.mm; sourceTree = "<group>"; };
		5AF8AA932B0BDB89005F3F10 /* AudioKit_Experiments_MIDIAUProcessHelper.hpp */ = {isa = PBXFileReference; lastKnownFileType = sourcecode.cpp.h; path = AudioKit_Experiments_MIDIAUProcessHelper.hpp; sourceTree = "<group>"; };
		5AF8AA962B0BDB89005F3F10 /* AudioKit_Experiments_MIDIParameterAddresses.h */ = {isa = PBXFileReference; lastKnownFileType = sourcecode.c.h; path = AudioKit_Experiments_MIDIParameterAddresses.h; sourceTree = "<group>"; };
		5AF8AA972B0BDB89005F3F10 /* Parameters.swift */ = {isa = PBXFileReference; lastKnownFileType = sourcecode.swift; path = Parameters.swift; sourceTree = "<group>"; };
		5AF8AA9A2B0BDB89005F3F10 /* AudioKit_Experiments_MIDIDSPKernel.hpp */ = {isa = PBXFileReference; lastKnownFileType = sourcecode.cpp.h; path = AudioKit_Experiments_MIDIDSPKernel.hpp; sourceTree = "<group>"; };
		5AF8AA9D2B0BDB89005F3F10 /* AudioKit_Experiments_MIDIMainView.swift */ = {isa = PBXFileReference; lastKnownFileType = sourcecode.swift; path = AudioKit_Experiments_MIDIMainView.swift; sourceTree = "<group>"; };
		5AF8AA9F2B0BDB89005F3F10 /* MomentaryButton.swift */ = {isa = PBXFileReference; lastKnownFileType = sourcecode.swift; path = MomentaryButton.swift; sourceTree = "<group>"; };
		5AF8AAA12B0BDB89005F3F10 /* ParameterSlider.swift */ = {isa = PBXFileReference; lastKnownFileType = sourcecode.swift; path = ParameterSlider.swift; sourceTree = "<group>"; };
		5AF8AAA62B0BDB89005F3F10 /* Base */ = {isa = PBXFileReference; lastKnownFileType = file.storyboard; name = Base; path = MainInterface.storyboard; sourceTree = "<group>"; };
		5AF8AAA82B0BDB89005F3F10 /* ObservableAUParameter.swift */ = {isa = PBXFileReference; lastKnownFileType = sourcecode.swift; path = ObservableAUParameter.swift; sourceTree = "<group>"; };
		5AF8AAAA2B0BDB89005F3F10 /* AudioUnitViewController.swift */ = {isa = PBXFileReference; lastKnownFileType = sourcecode.swift; path = AudioUnitViewController.swift; sourceTree = "<group>"; };
		5AF8AAAC2B0BDB89005F3F10 /* Info.plist */ = {isa = PBXFileReference; lastKnownFileType = text.plist.xml; path = Info.plist; sourceTree = "<group>"; };
		5AF8AAB02B0BDB89005F3F10 /* AudioKit-Experiments-MIDI.entitlements */ = {isa = PBXFileReference; lastKnownFileType = text.plist.entitlements; path = "AudioKit-Experiments-MIDI.entitlements"; sourceTree = "<group>"; };
/* End PBXFileReference section */

/* Begin PBXFrameworksBuildPhase section */
		5A2B88972AF1479100366695 /* Frameworks */ = {
			isa = PBXFrameworksBuildPhase;
			buildActionMask = 2147483647;
			files = (
				5A2B88D52AF1558B00366695 /* MIDIKit in Frameworks */,
				5AD9485C2B04F93D00780DE2 /* DunneAudioKit in Frameworks */,
				5A8D75522B0E90E4003D1249 /* SoundpipeAudioKit in Frameworks */,
				5ACD75942AF53E57000E0A0E /* Waveform in Frameworks */,
				5ACD75912AF53E49000E0A0E /* AudioKitEX in Frameworks */,
				5A2B88C92AF1483700366695 /* AudioKit in Frameworks */,
				5A2B88D92AF1565E00366695 /* AudioKitUI in Frameworks */,
				5A2B88CE2AF154B200366695 /* Keyboard in Frameworks */,
				5ACD75A02AF9799F000E0A0E /* SporthAudioKit in Frameworks */,
			);
			runOnlyForDeploymentPostprocessing = 0;
		};
		5A2B88A72AF1479300366695 /* Frameworks */ = {
			isa = PBXFrameworksBuildPhase;
			buildActionMask = 2147483647;
			files = (
			);
			runOnlyForDeploymentPostprocessing = 0;
		};
		5A2B88B12AF1479300366695 /* Frameworks */ = {
			isa = PBXFrameworksBuildPhase;
			buildActionMask = 2147483647;
			files = (
			);
			runOnlyForDeploymentPostprocessing = 0;
		};
		5A99A6362B0D6B37003A2EFB /* Frameworks */ = {
			isa = PBXFrameworksBuildPhase;
			buildActionMask = 2147483647;
			files = (
				5A99A6702B0D8824003A2EFB /* AudioKit in Frameworks */,
				5A8D75472B0E589F003D1249 /* AudioKitEX in Frameworks */,
				5A8D75502B0E90D6003D1249 /* SoundpipeAudioKit in Frameworks */,
				5A8D75492B0E593A003D1249 /* DunneAudioKit in Frameworks */,
			);
			runOnlyForDeploymentPostprocessing = 0;
		};
		5AF8AA7D2B0BDB89005F3F10 /* Frameworks */ = {
			isa = PBXFrameworksBuildPhase;
			buildActionMask = 2147483647;
			files = (
				5AF8AAF12B0BDC71005F3F10 /* AudioKit in Frameworks */,
			);
			runOnlyForDeploymentPostprocessing = 0;
		};
/* End PBXFrameworksBuildPhase section */

/* Begin PBXGroup section */
		5A2B88912AF1479100366695 = {
			isa = PBXGroup;
			children = (
				5AD9489D2B050B0200780DE2 /* DunneAudioKit */,
				5A2B88DA2AF157D100366695 /* Sounds */,
				5A2B889C2AF1479100366695 /* AudioKit-Experiments */,
				5A2B88AD2AF1479300366695 /* AudioKit-ExperimentsTests */,
				5A2B88B72AF1479300366695 /* AudioKit-ExperimentsUITests */,
				5AF8AA812B0BDB89005F3F10 /* AudioKit-Experiments-MIDI */,
				5A99A63A2B0D6B37003A2EFB /* AudioKit-Experiments-Effects */,
				5A2B889B2AF1479100366695 /* Products */,
				5AF8AAED2B0BDC64005F3F10 /* Frameworks */,
			);
			sourceTree = "<group>";
		};
		5A2B889B2AF1479100366695 /* Products */ = {
			isa = PBXGroup;
			children = (
				5A2B889A2AF1479100366695 /* AudioKit-Experiments.app */,
				5A2B88AA2AF1479300366695 /* AudioKit-ExperimentsTests.xctest */,
				5A2B88B42AF1479300366695 /* AudioKit-ExperimentsUITests.xctest */,
				5AF8AA802B0BDB89005F3F10 /* AudioKit-Experiments-MIDI.appex */,
				5A99A6392B0D6B37003A2EFB /* AudioKit-Experiments-Effects.appex */,
			);
			name = Products;
			sourceTree = "<group>";
		};
		5A2B889C2AF1479100366695 /* AudioKit-Experiments */ = {
			isa = PBXGroup;
			children = (
				5ACD75812AF16286000E0A0E /* Info.plist */,
				5A2B88D62AF155C500366695 /* AudioKit-Experiments.entitlements */,
				5A2B889D2AF1479100366695 /* AudioKit_ExperimentsApp.swift */,
				5A2B889F2AF1479100366695 /* ContentView.swift */,
				5ACD75842AF16DD0000E0A0E /* Examples */,
				5ACD75872AF1822A000E0A0E /* FFTView2.swift */,
				5AD9485D2B04F98900780DE2 /* ParameterRow.swift */,
				5AD948542B02B7B200780DE2 /* CookbookKnob.swift */,
				5ACD758B2AF53E21000E0A0E /* NodeRecorder2.swift */,
				5A2B88CA2AF1548D00366695 /* SwiftUIElements.swift */,
				5A2B88A12AF1479200366695 /* Assets.xcassets */,
				5A2B88A32AF1479200366695 /* Preview Content */,
			);
			path = "AudioKit-Experiments";
			sourceTree = "<group>";
		};
		5A2B88A32AF1479200366695 /* Preview Content */ = {
			isa = PBXGroup;
			children = (
				5A2B88A42AF1479200366695 /* Preview Assets.xcassets */,
			);
			path = "Preview Content";
			sourceTree = "<group>";
		};
		5A2B88AD2AF1479300366695 /* AudioKit-ExperimentsTests */ = {
			isa = PBXGroup;
			children = (
				5A2B88AE2AF1479300366695 /* AudioKit_ExperimentsTests.swift */,
			);
			path = "AudioKit-ExperimentsTests";
			sourceTree = "<group>";
		};
		5A2B88B72AF1479300366695 /* AudioKit-ExperimentsUITests */ = {
			isa = PBXGroup;
			children = (
				5A2B88B82AF1479300366695 /* AudioKit_ExperimentsUITests.swift */,
				5A2B88BA2AF1479300366695 /* AudioKit_ExperimentsUITestsLaunchTests.swift */,
			);
			path = "AudioKit-ExperimentsUITests";
			sourceTree = "<group>";
		};
		5A99A63A2B0D6B37003A2EFB /* AudioKit-Experiments-Effects */ = {
			isa = PBXGroup;
			children = (
				5A99A6692B0D6B37003A2EFB /* AudioKit-Experiments-Effects.entitlements */,
				5A8D754C2B0E83A5003D1249 /* MainInterface.storyboard */,
				5A99A6632B0D6B37003A2EFB /* AudioUnitViewController.swift */,
				5A8D75532B1118F6003D1249 /* UIKitKnob.swift */,
				5A99A6652B0D6B37003A2EFB /* Info.plist */,
			);
			path = "AudioKit-Experiments-Effects";
			sourceTree = "<group>";
		};
		5ACD75842AF16DD0000E0A0E /* Examples */ = {
			isa = PBXGroup;
			children = (
				5A2B88CF2AF1555100366695 /* SoundFont.swift */,
				5ACD75822AF16D3D000E0A0E /* SoundFont+MIDI.swift */,
				5ACD75892AF456FB000E0A0E /* LinearVisualizer.swift */,
				5ACD75852AF17EE5000E0A0E /* CircularVisualizer.swift */,
				5ACD75972AF57A4C000E0A0E /* SpriteSound.swift */,
				5ACD758D2AF53E34000E0A0E /* RecorderView.swift */,
				5ACD759A2AF85C6F000E0A0E /* LFOView.swift */,
				5AD948502B01A7C000780DE2 /* InstrumentAUPreset.swift */,
				5AD948582B04F50500780DE2 /* InstrumentSFZ.swift */,
				5AD9485F2B05056800780DE2 /* PolyphonicSynth.swift */,
				5AD948DA2B06A56F00780DE2 /* Arpeggiator.swift */,
				5A69866E2B0CDB0600E79380 /* RandomMIDI.swift */,
				5A12CC032B14F56600AA15F4 /* AUv3Effects.swift */,
			);
			path = Examples;
			sourceTree = "<group>";
		};
		5AF8AA812B0BDB89005F3F10 /* AudioKit-Experiments-MIDI */ = {
			isa = PBXGroup;
			children = (
				5AF8AAB02B0BDB89005F3F10 /* AudioKit-Experiments-MIDI.entitlements */,
				5AF8AA822B0BDB89005F3F10 /* README.md */,
				5AF8AAAC2B0BDB89005F3F10 /* Info.plist */,
				5AF8AA842B0BDB89005F3F10 /* Common */,
				5AF8AA952B0BDB89005F3F10 /* Parameters */,
				5AF8AA992B0BDB89005F3F10 /* DSP */,
				5AF8AA9C2B0BDB89005F3F10 /* UI */,
			);
			path = "AudioKit-Experiments-MIDI";
			sourceTree = "<group>";
		};
		5AF8AA842B0BDB89005F3F10 /* Common */ = {
			isa = PBXGroup;
			children = (
				5AF8AA852B0BDB89005F3F10 /* AudioKit_Experiments_MIDI-Bridging-Header.h */,
				5AF8AA862B0BDB89005F3F10 /* Parameters */,
				5AF8AA892B0BDB89005F3F10 /* Utility */,
				5AF8AA8E2B0BDB89005F3F10 /* Audio Unit */,
				5AF8AA922B0BDB89005F3F10 /* DSP */,
				5AF8AAA32B0BDB89005F3F10 /* UI */,
			);
			path = Common;
			sourceTree = "<group>";
		};
		5AF8AA862B0BDB89005F3F10 /* Parameters */ = {
			isa = PBXGroup;
			children = (
				5AF8AA872B0BDB89005F3F10 /* ParameterSpecBase.swift */,
			);
			path = Parameters;
			sourceTree = "<group>";
		};
		5AF8AA892B0BDB89005F3F10 /* Utility */ = {
			isa = PBXGroup;
			children = (
				5AF8AA8A2B0BDB89005F3F10 /* CrossPlatform.swift */,
				5AF8AA8C2B0BDB89005F3F10 /* String+Utils.swift */,
			);
			path = Utility;
			sourceTree = "<group>";
		};
		5AF8AA8E2B0BDB89005F3F10 /* Audio Unit */ = {
			isa = PBXGroup;
			children = (
				5AF8AA8F2B0BDB89005F3F10 /* AudioKit_Experiments_MIDIAudioUnit.h */,
				5AF8AA902B0BDB89005F3F10 /* AudioKit_Experiments_MIDIAudioUnit.mm */,
			);
			path = "Audio Unit";
			sourceTree = "<group>";
		};
		5AF8AA922B0BDB89005F3F10 /* DSP */ = {
			isa = PBXGroup;
			children = (
				5AF8AA932B0BDB89005F3F10 /* AudioKit_Experiments_MIDIAUProcessHelper.hpp */,
			);
			path = DSP;
			sourceTree = "<group>";
		};
		5AF8AA952B0BDB89005F3F10 /* Parameters */ = {
			isa = PBXGroup;
			children = (
				5AF8AA962B0BDB89005F3F10 /* AudioKit_Experiments_MIDIParameterAddresses.h */,
				5AF8AA972B0BDB89005F3F10 /* Parameters.swift */,
			);
			path = Parameters;
			sourceTree = "<group>";
		};
		5AF8AA992B0BDB89005F3F10 /* DSP */ = {
			isa = PBXGroup;
			children = (
				5AF8AA9A2B0BDB89005F3F10 /* AudioKit_Experiments_MIDIDSPKernel.hpp */,
			);
			path = DSP;
			sourceTree = "<group>";
		};
		5AF8AA9C2B0BDB89005F3F10 /* UI */ = {
			isa = PBXGroup;
			children = (
				5AF8AA9D2B0BDB89005F3F10 /* AudioKit_Experiments_MIDIMainView.swift */,
				5AF8AA9F2B0BDB89005F3F10 /* MomentaryButton.swift */,
				5AF8AAA12B0BDB89005F3F10 /* ParameterSlider.swift */,
			);
			path = UI;
			sourceTree = "<group>";
		};
		5AF8AAA32B0BDB89005F3F10 /* UI */ = {
			isa = PBXGroup;
			children = (
				5AF8AAA82B0BDB89005F3F10 /* ObservableAUParameter.swift */,
				5AF8AAAA2B0BDB89005F3F10 /* AudioUnitViewController.swift */,
				5AF8AAA42B0BDB89005F3F10 /* Base.lproj */,
			);
			path = UI;
			sourceTree = "<group>";
		};
		5AF8AAA42B0BDB89005F3F10 /* Base.lproj */ = {
			isa = PBXGroup;
			children = (
				5AF8AAA52B0BDB89005F3F10 /* MainInterface.storyboard */,
			);
			path = Base.lproj;
			sourceTree = "<group>";
		};
		5AF8AAED2B0BDC64005F3F10 /* Frameworks */ = {
			isa = PBXGroup;
			children = (
			);
			name = Frameworks;
			sourceTree = "<group>";
		};
/* End PBXGroup section */

/* Begin PBXNativeTarget section */
		5A2B88992AF1479100366695 /* AudioKit-Experiments */ = {
			isa = PBXNativeTarget;
			buildConfigurationList = 5A2B88BE2AF1479300366695 /* Build configuration list for PBXNativeTarget "AudioKit-Experiments" */;
			buildPhases = (
				5A2B88962AF1479100366695 /* Sources */,
				5A2B88972AF1479100366695 /* Frameworks */,
				5A2B88982AF1479100366695 /* Resources */,
				5AF8AAB12B0BDB8A005F3F10 /* Embed Foundation Extensions */,
			);
			buildRules = (
			);
			dependencies = (
				5AF8AAAE2B0BDB89005F3F10 /* PBXTargetDependency */,
				5A99A6672B0D6B37003A2EFB /* PBXTargetDependency */,
			);
			name = "AudioKit-Experiments";
			packageProductDependencies = (
				5A2B88C82AF1483700366695 /* AudioKit */,
				5A2B88CD2AF154B200366695 /* Keyboard */,
				5A2B88D42AF1558B00366695 /* MIDIKit */,
				5A2B88D82AF1565E00366695 /* AudioKitUI */,
				5ACD75902AF53E49000E0A0E /* AudioKitEX */,
				5ACD75932AF53E57000E0A0E /* Waveform */,
				5ACD759F2AF9799F000E0A0E /* SporthAudioKit */,
				5AD9485B2B04F93D00780DE2 /* DunneAudioKit */,
				5A8D75512B0E90E4003D1249 /* SoundpipeAudioKit */,
			);
			productName = "AudioKit-Experiments";
			productReference = 5A2B889A2AF1479100366695 /* AudioKit-Experiments.app */;
			productType = "com.apple.product-type.application";
		};
		5A2B88A92AF1479300366695 /* AudioKit-ExperimentsTests */ = {
			isa = PBXNativeTarget;
			buildConfigurationList = 5A2B88C12AF1479300366695 /* Build configuration list for PBXNativeTarget "AudioKit-ExperimentsTests" */;
			buildPhases = (
				5A2B88A62AF1479300366695 /* Sources */,
				5A2B88A72AF1479300366695 /* Frameworks */,
				5A2B88A82AF1479300366695 /* Resources */,
			);
			buildRules = (
			);
			dependencies = (
				5A2B88AC2AF1479300366695 /* PBXTargetDependency */,
			);
			name = "AudioKit-ExperimentsTests";
			productName = "AudioKit-ExperimentsTests";
			productReference = 5A2B88AA2AF1479300366695 /* AudioKit-ExperimentsTests.xctest */;
			productType = "com.apple.product-type.bundle.unit-test";
		};
		5A2B88B32AF1479300366695 /* AudioKit-ExperimentsUITests */ = {
			isa = PBXNativeTarget;
			buildConfigurationList = 5A2B88C42AF1479300366695 /* Build configuration list for PBXNativeTarget "AudioKit-ExperimentsUITests" */;
			buildPhases = (
				5A2B88B02AF1479300366695 /* Sources */,
				5A2B88B12AF1479300366695 /* Frameworks */,
				5A2B88B22AF1479300366695 /* Resources */,
			);
			buildRules = (
			);
			dependencies = (
				5A2B88B62AF1479300366695 /* PBXTargetDependency */,
			);
			name = "AudioKit-ExperimentsUITests";
			productName = "AudioKit-ExperimentsUITests";
			productReference = 5A2B88B42AF1479300366695 /* AudioKit-ExperimentsUITests.xctest */;
			productType = "com.apple.product-type.bundle.ui-testing";
		};
		5A99A6382B0D6B37003A2EFB /* AudioKit-Experiments-Effects */ = {
			isa = PBXNativeTarget;
			buildConfigurationList = 5A99A66A2B0D6B37003A2EFB /* Build configuration list for PBXNativeTarget "AudioKit-Experiments-Effects" */;
			buildPhases = (
				5A99A6352B0D6B37003A2EFB /* Sources */,
				5A99A6362B0D6B37003A2EFB /* Frameworks */,
				5A99A6372B0D6B37003A2EFB /* Resources */,
			);
			buildRules = (
			);
			dependencies = (
			);
			name = "AudioKit-Experiments-Effects";
			packageProductDependencies = (
				5A99A66F2B0D8824003A2EFB /* AudioKit */,
				5A8D75462B0E589F003D1249 /* AudioKitEX */,
				5A8D75482B0E593A003D1249 /* DunneAudioKit */,
				5A8D754F2B0E90D6003D1249 /* SoundpipeAudioKit */,
			);
			productName = "AudioKit-Experiments-Effects";
			productReference = 5A99A6392B0D6B37003A2EFB /* AudioKit-Experiments-Effects.appex */;
			productType = "com.apple.product-type.app-extension";
		};
		5AF8AA7F2B0BDB89005F3F10 /* AudioKit-Experiments-MIDI */ = {
			isa = PBXNativeTarget;
			buildConfigurationList = 5AF8AAB42B0BDB8A005F3F10 /* Build configuration list for PBXNativeTarget "AudioKit-Experiments-MIDI" */;
			buildPhases = (
				5AF8AA7C2B0BDB89005F3F10 /* Sources */,
				5AF8AA7D2B0BDB89005F3F10 /* Frameworks */,
				5AF8AA7E2B0BDB89005F3F10 /* Resources */,
			);
			buildRules = (
			);
			dependencies = (
			);
			name = "AudioKit-Experiments-MIDI";
			packageProductDependencies = (
				5AF8AAF02B0BDC71005F3F10 /* AudioKit */,
			);
			productName = "AudioKit-Experiments-MIDI";
			productReference = 5AF8AA802B0BDB89005F3F10 /* AudioKit-Experiments-MIDI.appex */;
			productType = "com.apple.product-type.app-extension";
		};
/* End PBXNativeTarget section */

/* Begin PBXProject section */
		5A2B88922AF1479100366695 /* Project object */ = {
			isa = PBXProject;
			attributes = {
				BuildIndependentTargetsInParallel = 1;
				LastSwiftUpdateCheck = 1500;
				LastUpgradeCheck = 1500;
				TargetAttributes = {
					5A2B88992AF1479100366695 = {
						CreatedOnToolsVersion = 15.0;
					};
					5A2B88A92AF1479300366695 = {
						CreatedOnToolsVersion = 15.0;
						TestTargetID = 5A2B88992AF1479100366695;
					};
					5A2B88B32AF1479300366695 = {
						CreatedOnToolsVersion = 15.0;
						TestTargetID = 5A2B88992AF1479100366695;
					};
					5A99A6382B0D6B37003A2EFB = {
						CreatedOnToolsVersion = 15.0;
					};
					5AF8AA7F2B0BDB89005F3F10 = {
						CreatedOnToolsVersion = 15.0;
					};
				};
			};
			buildConfigurationList = 5A2B88952AF1479100366695 /* Build configuration list for PBXProject "AudioKit-Experiments" */;
			compatibilityVersion = "Xcode 14.0";
			developmentRegion = en;
			hasScannedForEncodings = 0;
			knownRegions = (
				en,
				Base,
			);
			mainGroup = 5A2B88912AF1479100366695;
			packageReferences = (
				5A2B88C72AF1483700366695 /* XCRemoteSwiftPackageReference "AudioKit" */,
				5A2B88CC2AF154B200366695 /* XCRemoteSwiftPackageReference "Keyboard" */,
				5A2B88D32AF1558B00366695 /* XCRemoteSwiftPackageReference "MIDIKit" */,
				5A2B88D72AF1565E00366695 /* XCRemoteSwiftPackageReference "AudioKitUI" */,
				5ACD758F2AF53E49000E0A0E /* XCRemoteSwiftPackageReference "AudioKitEX" */,
				5ACD75922AF53E57000E0A0E /* XCRemoteSwiftPackageReference "Waveform" */,
				5ACD759E2AF9799F000E0A0E /* XCRemoteSwiftPackageReference "SporthAudioKit" */,
				5AD9485A2B04F93D00780DE2 /* XCRemoteSwiftPackageReference "DunneAudioKit" */,
				5A8D754E2B0E90CB003D1249 /* XCRemoteSwiftPackageReference "SoundpipeAudioKit" */,
			);
			productRefGroup = 5A2B889B2AF1479100366695 /* Products */;
			projectDirPath = "";
			projectRoot = "";
			targets = (
				5A2B88992AF1479100366695 /* AudioKit-Experiments */,
				5A2B88A92AF1479300366695 /* AudioKit-ExperimentsTests */,
				5A2B88B32AF1479300366695 /* AudioKit-ExperimentsUITests */,
				5AF8AA7F2B0BDB89005F3F10 /* AudioKit-Experiments-MIDI */,
				5A99A6382B0D6B37003A2EFB /* AudioKit-Experiments-Effects */,
			);
		};
/* End PBXProject section */

/* Begin PBXResourcesBuildPhase section */
		5A2B88982AF1479100366695 /* Resources */ = {
			isa = PBXResourcesBuildPhase;
			buildActionMask = 2147483647;
			files = (
				5A2B88DB2AF157D100366695 /* Sounds in Resources */,
				5A2B88A52AF1479200366695 /* Preview Assets.xcassets in Resources */,
				5A2B88A22AF1479200366695 /* Assets.xcassets in Resources */,
			);
			runOnlyForDeploymentPostprocessing = 0;
		};
		5A2B88A82AF1479300366695 /* Resources */ = {
			isa = PBXResourcesBuildPhase;
			buildActionMask = 2147483647;
			files = (
			);
			runOnlyForDeploymentPostprocessing = 0;
		};
		5A2B88B22AF1479300366695 /* Resources */ = {
			isa = PBXResourcesBuildPhase;
			buildActionMask = 2147483647;
			files = (
			);
			runOnlyForDeploymentPostprocessing = 0;
		};
		5A99A6372B0D6B37003A2EFB /* Resources */ = {
			isa = PBXResourcesBuildPhase;
			buildActionMask = 2147483647;
			files = (
				5A8D75552B116D91003D1249 /* Assets.xcassets in Resources */,
				5A8D754D2B0E83A5003D1249 /* MainInterface.storyboard in Resources */,
			);
			runOnlyForDeploymentPostprocessing = 0;
		};
		5AF8AA7E2B0BDB89005F3F10 /* Resources */ = {
			isa = PBXResourcesBuildPhase;
			buildActionMask = 2147483647;
			files = (
				5AF8AA9B2B0BDB89005F3F10 /* AudioKit_Experiments_MIDIDSPKernel.hpp in Resources */,
				5AF8AAA72B0BDB89005F3F10 /* MainInterface.storyboard in Resources */,
				5AF8AA942B0BDB89005F3F10 /* AudioKit_Experiments_MIDIAUProcessHelper.hpp in Resources */,
				5AF8AA832B0BDB89005F3F10 /* README.md in Resources */,
			);
			runOnlyForDeploymentPostprocessing = 0;
		};
/* End PBXResourcesBuildPhase section */

/* Begin PBXSourcesBuildPhase section */
		5A2B88962AF1479100366695 /* Sources */ = {
			isa = PBXSourcesBuildPhase;
			buildActionMask = 2147483647;
			files = (
				5ACD758C2AF53E21000E0A0E /* NodeRecorder2.swift in Sources */,
				5A69866F2B0CDB0600E79380 /* RandomMIDI.swift in Sources */,
				5AD948DB2B06A56F00780DE2 /* Arpeggiator.swift in Sources */,
				5A12CC042B14F56600AA15F4 /* AUv3Effects.swift in Sources */,
				5A2B88A02AF1479100366695 /* ContentView.swift in Sources */,
				5AD948602B05056800780DE2 /* PolyphonicSynth.swift in Sources */,
				5A2B88D12AF1555100366695 /* SoundFont.swift in Sources */,
				5ACD758A2AF456FB000E0A0E /* LinearVisualizer.swift in Sources */,
				5AD948592B04F50500780DE2 /* InstrumentSFZ.swift in Sources */,
				5ACD75982AF57A4C000E0A0E /* SpriteSound.swift in Sources */,
				5AD9485E2B04F98900780DE2 /* ParameterRow.swift in Sources */,
				5AD948512B01A7C000780DE2 /* InstrumentAUPreset.swift in Sources */,
				5A2B889E2AF1479100366695 /* AudioKit_ExperimentsApp.swift in Sources */,
				5ACD75832AF16D3D000E0A0E /* SoundFont+MIDI.swift in Sources */,
				5AD948552B02B7B200780DE2 /* CookbookKnob.swift in Sources */,
				5ACD758E2AF53E34000E0A0E /* RecorderView.swift in Sources */,
				5ACD759B2AF85C6F000E0A0E /* LFOView.swift in Sources */,
				5A2B88CB2AF1548D00366695 /* SwiftUIElements.swift in Sources */,
				5ACD75882AF1822A000E0A0E /* FFTView2.swift in Sources */,
				5ACD75862AF17EE5000E0A0E /* CircularVisualizer.swift in Sources */,
			);
			runOnlyForDeploymentPostprocessing = 0;
		};
		5A2B88A62AF1479300366695 /* Sources */ = {
			isa = PBXSourcesBuildPhase;
			buildActionMask = 2147483647;
			files = (
				5A2B88AF2AF1479300366695 /* AudioKit_ExperimentsTests.swift in Sources */,
			);
			runOnlyForDeploymentPostprocessing = 0;
		};
		5A2B88B02AF1479300366695 /* Sources */ = {
			isa = PBXSourcesBuildPhase;
			buildActionMask = 2147483647;
			files = (
				5A2B88B92AF1479300366695 /* AudioKit_ExperimentsUITests.swift in Sources */,
				5A2B88BB2AF1479300366695 /* AudioKit_ExperimentsUITestsLaunchTests.swift in Sources */,
			);
			runOnlyForDeploymentPostprocessing = 0;
		};
		5A99A6352B0D6B37003A2EFB /* Sources */ = {
			isa = PBXSourcesBuildPhase;
			buildActionMask = 2147483647;
			files = (
				5A8D75542B1118F6003D1249 /* UIKitKnob.swift in Sources */,
				5A99A6642B0D6B37003A2EFB /* AudioUnitViewController.swift in Sources */,
			);
			runOnlyForDeploymentPostprocessing = 0;
		};
		5AF8AA7C2B0BDB89005F3F10 /* Sources */ = {
			isa = PBXSourcesBuildPhase;
			buildActionMask = 2147483647;
			files = (
				5AF8AA982B0BDB89005F3F10 /* Parameters.swift in Sources */,
				5AF8AA9E2B0BDB89005F3F10 /* AudioKit_Experiments_MIDIMainView.swift in Sources */,
				5AF8AAA02B0BDB89005F3F10 /* MomentaryButton.swift in Sources */,
				5AF8AAA92B0BDB89005F3F10 /* ObservableAUParameter.swift in Sources */,
				5AF8AA882B0BDB89005F3F10 /* ParameterSpecBase.swift in Sources */,
				5AF8AAAB2B0BDB89005F3F10 /* AudioUnitViewController.swift in Sources */,
				5AF8AAA22B0BDB89005F3F10 /* ParameterSlider.swift in Sources */,
				5AF8AA8B2B0BDB89005F3F10 /* CrossPlatform.swift in Sources */,
				5AF8AA912B0BDB89005F3F10 /* AudioKit_Experiments_MIDIAudioUnit.mm in Sources */,
				5AF8AA8D2B0BDB89005F3F10 /* String+Utils.swift in Sources */,
			);
			runOnlyForDeploymentPostprocessing = 0;
		};
/* End PBXSourcesBuildPhase section */

/* Begin PBXTargetDependency section */
		5A2B88AC2AF1479300366695 /* PBXTargetDependency */ = {
			isa = PBXTargetDependency;
			target = 5A2B88992AF1479100366695 /* AudioKit-Experiments */;
			targetProxy = 5A2B88AB2AF1479300366695 /* PBXContainerItemProxy */;
		};
		5A2B88B62AF1479300366695 /* PBXTargetDependency */ = {
			isa = PBXTargetDependency;
			target = 5A2B88992AF1479100366695 /* AudioKit-Experiments */;
			targetProxy = 5A2B88B52AF1479300366695 /* PBXContainerItemProxy */;
		};
		5A99A6672B0D6B37003A2EFB /* PBXTargetDependency */ = {
			isa = PBXTargetDependency;
			target = 5A99A6382B0D6B37003A2EFB /* AudioKit-Experiments-Effects */;
			targetProxy = 5A99A6662B0D6B37003A2EFB /* PBXContainerItemProxy */;
		};
		5AF8AAAE2B0BDB89005F3F10 /* PBXTargetDependency */ = {
			isa = PBXTargetDependency;
			target = 5AF8AA7F2B0BDB89005F3F10 /* AudioKit-Experiments-MIDI */;
			targetProxy = 5AF8AAAD2B0BDB89005F3F10 /* PBXContainerItemProxy */;
		};
/* End PBXTargetDependency section */

/* Begin PBXVariantGroup section */
		5AF8AAA52B0BDB89005F3F10 /* MainInterface.storyboard */ = {
			isa = PBXVariantGroup;
			children = (
				5AF8AAA62B0BDB89005F3F10 /* Base */,
			);
			name = MainInterface.storyboard;
			sourceTree = "<group>";
		};
/* End PBXVariantGroup section */

/* Begin XCBuildConfiguration section */
		5A2B88BC2AF1479300366695 /* Debug */ = {
			isa = XCBuildConfiguration;
			buildSettings = {
				ALWAYS_SEARCH_USER_PATHS = NO;
				ASSETCATALOG_COMPILER_GENERATE_SWIFT_ASSET_SYMBOL_EXTENSIONS = YES;
				CLANG_ANALYZER_NONNULL = YES;
				CLANG_ANALYZER_NUMBER_OBJECT_CONVERSION = YES_AGGRESSIVE;
				CLANG_CXX_LANGUAGE_STANDARD = "gnu++20";
				CLANG_ENABLE_MODULES = YES;
				CLANG_ENABLE_OBJC_ARC = YES;
				CLANG_ENABLE_OBJC_WEAK = YES;
				CLANG_WARN_BLOCK_CAPTURE_AUTORELEASING = YES;
				CLANG_WARN_BOOL_CONVERSION = YES;
				CLANG_WARN_COMMA = YES;
				CLANG_WARN_CONSTANT_CONVERSION = YES;
				CLANG_WARN_DEPRECATED_OBJC_IMPLEMENTATIONS = YES;
				CLANG_WARN_DIRECT_OBJC_ISA_USAGE = YES_ERROR;
				CLANG_WARN_DOCUMENTATION_COMMENTS = YES;
				CLANG_WARN_EMPTY_BODY = YES;
				CLANG_WARN_ENUM_CONVERSION = YES;
				CLANG_WARN_INFINITE_RECURSION = YES;
				CLANG_WARN_INT_CONVERSION = YES;
				CLANG_WARN_NON_LITERAL_NULL_CONVERSION = YES;
				CLANG_WARN_OBJC_IMPLICIT_RETAIN_SELF = YES;
				CLANG_WARN_OBJC_LITERAL_CONVERSION = YES;
				CLANG_WARN_OBJC_ROOT_CLASS = YES_ERROR;
				CLANG_WARN_QUOTED_INCLUDE_IN_FRAMEWORK_HEADER = YES;
				CLANG_WARN_RANGE_LOOP_ANALYSIS = YES;
				CLANG_WARN_STRICT_PROTOTYPES = YES;
				CLANG_WARN_SUSPICIOUS_MOVE = YES;
				CLANG_WARN_UNGUARDED_AVAILABILITY = YES_AGGRESSIVE;
				CLANG_WARN_UNREACHABLE_CODE = YES;
				CLANG_WARN__DUPLICATE_METHOD_MATCH = YES;
				COPY_PHASE_STRIP = NO;
				DEBUG_INFORMATION_FORMAT = dwarf;
				ENABLE_STRICT_OBJC_MSGSEND = YES;
				ENABLE_TESTABILITY = YES;
				ENABLE_USER_SCRIPT_SANDBOXING = YES;
				GCC_C_LANGUAGE_STANDARD = gnu17;
				GCC_DYNAMIC_NO_PIC = NO;
				GCC_NO_COMMON_BLOCKS = YES;
				GCC_OPTIMIZATION_LEVEL = 0;
				GCC_PREPROCESSOR_DEFINITIONS = (
					"DEBUG=1",
					"$(inherited)",
				);
				GCC_WARN_64_TO_32_BIT_CONVERSION = YES;
				GCC_WARN_ABOUT_RETURN_TYPE = YES_ERROR;
				GCC_WARN_UNDECLARED_SELECTOR = YES;
				GCC_WARN_UNINITIALIZED_AUTOS = YES_AGGRESSIVE;
				GCC_WARN_UNUSED_FUNCTION = YES;
				GCC_WARN_UNUSED_VARIABLE = YES;
				IPHONEOS_DEPLOYMENT_TARGET = 17.0;
				LOCALIZATION_PREFERS_STRING_CATALOGS = YES;
				MTL_ENABLE_DEBUG_INFO = INCLUDE_SOURCE;
				MTL_FAST_MATH = YES;
				ONLY_ACTIVE_ARCH = YES;
				SDKROOT = iphoneos;
				SWIFT_ACTIVE_COMPILATION_CONDITIONS = "DEBUG $(inherited)";
				SWIFT_OPTIMIZATION_LEVEL = "-Onone";
			};
			name = Debug;
		};
		5A2B88BD2AF1479300366695 /* Release */ = {
			isa = XCBuildConfiguration;
			buildSettings = {
				ALWAYS_SEARCH_USER_PATHS = NO;
				ASSETCATALOG_COMPILER_GENERATE_SWIFT_ASSET_SYMBOL_EXTENSIONS = YES;
				CLANG_ANALYZER_NONNULL = YES;
				CLANG_ANALYZER_NUMBER_OBJECT_CONVERSION = YES_AGGRESSIVE;
				CLANG_CXX_LANGUAGE_STANDARD = "gnu++20";
				CLANG_ENABLE_MODULES = YES;
				CLANG_ENABLE_OBJC_ARC = YES;
				CLANG_ENABLE_OBJC_WEAK = YES;
				CLANG_WARN_BLOCK_CAPTURE_AUTORELEASING = YES;
				CLANG_WARN_BOOL_CONVERSION = YES;
				CLANG_WARN_COMMA = YES;
				CLANG_WARN_CONSTANT_CONVERSION = YES;
				CLANG_WARN_DEPRECATED_OBJC_IMPLEMENTATIONS = YES;
				CLANG_WARN_DIRECT_OBJC_ISA_USAGE = YES_ERROR;
				CLANG_WARN_DOCUMENTATION_COMMENTS = YES;
				CLANG_WARN_EMPTY_BODY = YES;
				CLANG_WARN_ENUM_CONVERSION = YES;
				CLANG_WARN_INFINITE_RECURSION = YES;
				CLANG_WARN_INT_CONVERSION = YES;
				CLANG_WARN_NON_LITERAL_NULL_CONVERSION = YES;
				CLANG_WARN_OBJC_IMPLICIT_RETAIN_SELF = YES;
				CLANG_WARN_OBJC_LITERAL_CONVERSION = YES;
				CLANG_WARN_OBJC_ROOT_CLASS = YES_ERROR;
				CLANG_WARN_QUOTED_INCLUDE_IN_FRAMEWORK_HEADER = YES;
				CLANG_WARN_RANGE_LOOP_ANALYSIS = YES;
				CLANG_WARN_STRICT_PROTOTYPES = YES;
				CLANG_WARN_SUSPICIOUS_MOVE = YES;
				CLANG_WARN_UNGUARDED_AVAILABILITY = YES_AGGRESSIVE;
				CLANG_WARN_UNREACHABLE_CODE = YES;
				CLANG_WARN__DUPLICATE_METHOD_MATCH = YES;
				COPY_PHASE_STRIP = NO;
				DEBUG_INFORMATION_FORMAT = "dwarf-with-dsym";
				ENABLE_NS_ASSERTIONS = NO;
				ENABLE_STRICT_OBJC_MSGSEND = YES;
				ENABLE_USER_SCRIPT_SANDBOXING = YES;
				GCC_C_LANGUAGE_STANDARD = gnu17;
				GCC_NO_COMMON_BLOCKS = YES;
				GCC_WARN_64_TO_32_BIT_CONVERSION = YES;
				GCC_WARN_ABOUT_RETURN_TYPE = YES_ERROR;
				GCC_WARN_UNDECLARED_SELECTOR = YES;
				GCC_WARN_UNINITIALIZED_AUTOS = YES_AGGRESSIVE;
				GCC_WARN_UNUSED_FUNCTION = YES;
				GCC_WARN_UNUSED_VARIABLE = YES;
				IPHONEOS_DEPLOYMENT_TARGET = 17.0;
				LOCALIZATION_PREFERS_STRING_CATALOGS = YES;
				MTL_ENABLE_DEBUG_INFO = NO;
				MTL_FAST_MATH = YES;
				SDKROOT = iphoneos;
				SWIFT_COMPILATION_MODE = wholemodule;
				VALIDATE_PRODUCT = YES;
			};
			name = Release;
		};
		5A2B88BF2AF1479300366695 /* Debug */ = {
			isa = XCBuildConfiguration;
			buildSettings = {
				ALWAYS_EMBED_SWIFT_STANDARD_LIBRARIES = YES;
				ASSETCATALOG_COMPILER_APPICON_NAME = AppIcon;
				ASSETCATALOG_COMPILER_GLOBAL_ACCENT_COLOR_NAME = AccentColor;
				CODE_SIGN_ENTITLEMENTS = "AudioKit-Experiments/AudioKit-Experiments.entitlements";
				CODE_SIGN_STYLE = Automatic;
				CURRENT_PROJECT_VERSION = 1;
				DEVELOPMENT_ASSET_PATHS = "\"AudioKit-Experiments/Preview Content\"";
				DEVELOPMENT_TEAM = R6J85WRCEG;
				"ENABLE_HARDENED_RUNTIME[sdk=macosx*]" = YES;
				ENABLE_PREVIEWS = YES;
				GENERATE_INFOPLIST_FILE = YES;
				INFOPLIST_FILE = "AudioKit-Experiments/Info.plist";
				INFOPLIST_KEY_NSMicrophoneUsageDescription = "We use the microphone to record samples.";
				INFOPLIST_KEY_UIApplicationSceneManifest_Generation = YES;
				INFOPLIST_KEY_UIApplicationSupportsIndirectInputEvents = YES;
				INFOPLIST_KEY_UILaunchScreen_Generation = YES;
				INFOPLIST_KEY_UISupportedInterfaceOrientations_iPad = "UIInterfaceOrientationPortrait UIInterfaceOrientationPortraitUpsideDown UIInterfaceOrientationLandscapeLeft UIInterfaceOrientationLandscapeRight";
				INFOPLIST_KEY_UISupportedInterfaceOrientations_iPhone = "UIInterfaceOrientationPortrait UIInterfaceOrientationLandscapeLeft UIInterfaceOrientationLandscapeRight";
				IPHONEOS_DEPLOYMENT_TARGET = 17.0;
				LD_RUNPATH_SEARCH_PATHS = (
					"$(inherited)",
					"@executable_path/Frameworks",
				);
				MARKETING_VERSION = 1.0;
				PRODUCT_BUNDLE_IDENTIFIER = "com.MobyPixel.AudioKit-Experiments";
				PRODUCT_NAME = "$(TARGET_NAME)";
				SUPPORTED_PLATFORMS = "iphoneos iphonesimulator";
				SUPPORTS_MACCATALYST = YES;
				SUPPORTS_MAC_DESIGNED_FOR_IPHONE_IPAD = NO;
				SWIFT_EMIT_LOC_STRINGS = YES;
				SWIFT_VERSION = 5.0;
				TARGETED_DEVICE_FAMILY = "1,2";
			};
			name = Debug;
		};
		5A2B88C02AF1479300366695 /* Release */ = {
			isa = XCBuildConfiguration;
			buildSettings = {
				ALWAYS_EMBED_SWIFT_STANDARD_LIBRARIES = YES;
				ASSETCATALOG_COMPILER_APPICON_NAME = AppIcon;
				ASSETCATALOG_COMPILER_GLOBAL_ACCENT_COLOR_NAME = AccentColor;
				CODE_SIGN_ENTITLEMENTS = "AudioKit-Experiments/AudioKit-Experiments.entitlements";
				CODE_SIGN_STYLE = Automatic;
				CURRENT_PROJECT_VERSION = 1;
				DEVELOPMENT_ASSET_PATHS = "\"AudioKit-Experiments/Preview Content\"";
				DEVELOPMENT_TEAM = R6J85WRCEG;
				"ENABLE_HARDENED_RUNTIME[sdk=macosx*]" = YES;
				ENABLE_PREVIEWS = YES;
				GENERATE_INFOPLIST_FILE = YES;
				INFOPLIST_FILE = "AudioKit-Experiments/Info.plist";
				INFOPLIST_KEY_NSMicrophoneUsageDescription = "We use the microphone to record samples.";
				INFOPLIST_KEY_UIApplicationSceneManifest_Generation = YES;
				INFOPLIST_KEY_UIApplicationSupportsIndirectInputEvents = YES;
				INFOPLIST_KEY_UILaunchScreen_Generation = YES;
				INFOPLIST_KEY_UISupportedInterfaceOrientations_iPad = "UIInterfaceOrientationPortrait UIInterfaceOrientationPortraitUpsideDown UIInterfaceOrientationLandscapeLeft UIInterfaceOrientationLandscapeRight";
				INFOPLIST_KEY_UISupportedInterfaceOrientations_iPhone = "UIInterfaceOrientationPortrait UIInterfaceOrientationLandscapeLeft UIInterfaceOrientationLandscapeRight";
				IPHONEOS_DEPLOYMENT_TARGET = 17.0;
				LD_RUNPATH_SEARCH_PATHS = (
					"$(inherited)",
					"@executable_path/Frameworks",
				);
				MARKETING_VERSION = 1.0;
				PRODUCT_BUNDLE_IDENTIFIER = "com.MobyPixel.AudioKit-Experiments";
				PRODUCT_NAME = "$(TARGET_NAME)";
				SUPPORTED_PLATFORMS = "iphoneos iphonesimulator";
				SUPPORTS_MACCATALYST = YES;
				SUPPORTS_MAC_DESIGNED_FOR_IPHONE_IPAD = NO;
				SWIFT_EMIT_LOC_STRINGS = YES;
				SWIFT_VERSION = 5.0;
				TARGETED_DEVICE_FAMILY = "1,2";
			};
			name = Release;
		};
		5A2B88C22AF1479300366695 /* Debug */ = {
			isa = XCBuildConfiguration;
			buildSettings = {
				ALWAYS_EMBED_SWIFT_STANDARD_LIBRARIES = YES;
				BUNDLE_LOADER = "$(TEST_HOST)";
				CODE_SIGN_STYLE = Automatic;
				CURRENT_PROJECT_VERSION = 1;
				DEVELOPMENT_TEAM = R6J85WRCEG;
				GENERATE_INFOPLIST_FILE = YES;
				IPHONEOS_DEPLOYMENT_TARGET = 17.0;
				MARKETING_VERSION = 1.0;
				PRODUCT_BUNDLE_IDENTIFIER = "com.MobyPixel.AudioKit-ExperimentsTests";
				PRODUCT_NAME = "$(TARGET_NAME)";
				SWIFT_EMIT_LOC_STRINGS = NO;
				SWIFT_VERSION = 5.0;
				TARGETED_DEVICE_FAMILY = "1,2";
				TEST_HOST = "$(BUILT_PRODUCTS_DIR)/AudioKit-Experiments.app/$(BUNDLE_EXECUTABLE_FOLDER_PATH)/AudioKit-Experiments";
			};
			name = Debug;
		};
		5A2B88C32AF1479300366695 /* Release */ = {
			isa = XCBuildConfiguration;
			buildSettings = {
				ALWAYS_EMBED_SWIFT_STANDARD_LIBRARIES = YES;
				BUNDLE_LOADER = "$(TEST_HOST)";
				CODE_SIGN_STYLE = Automatic;
				CURRENT_PROJECT_VERSION = 1;
				DEVELOPMENT_TEAM = R6J85WRCEG;
				GENERATE_INFOPLIST_FILE = YES;
				IPHONEOS_DEPLOYMENT_TARGET = 17.0;
				MARKETING_VERSION = 1.0;
				PRODUCT_BUNDLE_IDENTIFIER = "com.MobyPixel.AudioKit-ExperimentsTests";
				PRODUCT_NAME = "$(TARGET_NAME)";
				SWIFT_EMIT_LOC_STRINGS = NO;
				SWIFT_VERSION = 5.0;
				TARGETED_DEVICE_FAMILY = "1,2";
				TEST_HOST = "$(BUILT_PRODUCTS_DIR)/AudioKit-Experiments.app/$(BUNDLE_EXECUTABLE_FOLDER_PATH)/AudioKit-Experiments";
			};
			name = Release;
		};
		5A2B88C52AF1479300366695 /* Debug */ = {
			isa = XCBuildConfiguration;
			buildSettings = {
				ALWAYS_EMBED_SWIFT_STANDARD_LIBRARIES = YES;
				CODE_SIGN_STYLE = Automatic;
				CURRENT_PROJECT_VERSION = 1;
				DEVELOPMENT_TEAM = R6J85WRCEG;
				GENERATE_INFOPLIST_FILE = YES;
				MARKETING_VERSION = 1.0;
				PRODUCT_BUNDLE_IDENTIFIER = "com.MobyPixel.AudioKit-ExperimentsUITests";
				PRODUCT_NAME = "$(TARGET_NAME)";
				SWIFT_EMIT_LOC_STRINGS = NO;
				SWIFT_VERSION = 5.0;
				TARGETED_DEVICE_FAMILY = "1,2";
				TEST_TARGET_NAME = "AudioKit-Experiments";
			};
			name = Debug;
		};
		5A2B88C62AF1479300366695 /* Release */ = {
			isa = XCBuildConfiguration;
			buildSettings = {
				ALWAYS_EMBED_SWIFT_STANDARD_LIBRARIES = YES;
				CODE_SIGN_STYLE = Automatic;
				CURRENT_PROJECT_VERSION = 1;
				DEVELOPMENT_TEAM = R6J85WRCEG;
				GENERATE_INFOPLIST_FILE = YES;
				MARKETING_VERSION = 1.0;
				PRODUCT_BUNDLE_IDENTIFIER = "com.MobyPixel.AudioKit-ExperimentsUITests";
				PRODUCT_NAME = "$(TARGET_NAME)";
				SWIFT_EMIT_LOC_STRINGS = NO;
				SWIFT_VERSION = 5.0;
				TARGETED_DEVICE_FAMILY = "1,2";
				TEST_TARGET_NAME = "AudioKit-Experiments";
			};
			name = Release;
		};
		5A99A66B2B0D6B37003A2EFB /* Debug */ = {
			isa = XCBuildConfiguration;
			buildSettings = {
				CLANG_CXX_LANGUAGE_STANDARD = "c++20";
				CLANG_CXX_LIBRARY = "libc++";
				CODE_SIGN_ENTITLEMENTS = "AudioKit-Experiments-Effects/AudioKit-Experiments-Effects.entitlements";
				CODE_SIGN_STYLE = Automatic;
				CURRENT_PROJECT_VERSION = 1;
				DEVELOPMENT_TEAM = R6J85WRCEG;
				GENERATE_INFOPLIST_FILE = YES;
				INFOPLIST_FILE = "AudioKit-Experiments-Effects/Info.plist";
				INFOPLIST_KEY_CFBundleDisplayName = "AudioKit-Experiments-Effects";
				INFOPLIST_KEY_NSHumanReadableCopyright = "";
				LD_RUNPATH_SEARCH_PATHS = (
					"$(inherited)",
					"@executable_path/Frameworks",
					"@executable_path/../../Frameworks",
				);
				MARKETING_VERSION = 1.0;
				PRODUCT_BUNDLE_IDENTIFIER = "com.MobyPixel.AudioKit-Experiments.AudioKit-Experiments-Effects";
				PRODUCT_NAME = "$(TARGET_NAME)";
				SKIP_INSTALL = YES;
				SUPPORTS_MACCATALYST = YES;
				SWIFT_EMIT_LOC_STRINGS = YES;
				SWIFT_OBJC_BRIDGING_HEADER = "";
				SWIFT_VERSION = 5.0;
				TARGETED_DEVICE_FAMILY = "1,2";
			};
			name = Debug;
		};
		5A99A66C2B0D6B37003A2EFB /* Release */ = {
			isa = XCBuildConfiguration;
			buildSettings = {
				CLANG_CXX_LANGUAGE_STANDARD = "c++20";
				CLANG_CXX_LIBRARY = "libc++";
				CODE_SIGN_ENTITLEMENTS = "AudioKit-Experiments-Effects/AudioKit-Experiments-Effects.entitlements";
				CODE_SIGN_STYLE = Automatic;
				CURRENT_PROJECT_VERSION = 1;
				DEVELOPMENT_TEAM = R6J85WRCEG;
				GENERATE_INFOPLIST_FILE = YES;
				INFOPLIST_FILE = "AudioKit-Experiments-Effects/Info.plist";
				INFOPLIST_KEY_CFBundleDisplayName = "AudioKit-Experiments-Effects";
				INFOPLIST_KEY_NSHumanReadableCopyright = "";
				LD_RUNPATH_SEARCH_PATHS = (
					"$(inherited)",
					"@executable_path/Frameworks",
					"@executable_path/../../Frameworks",
				);
				MARKETING_VERSION = 1.0;
				PRODUCT_BUNDLE_IDENTIFIER = "com.MobyPixel.AudioKit-Experiments.AudioKit-Experiments-Effects";
				PRODUCT_NAME = "$(TARGET_NAME)";
				SKIP_INSTALL = YES;
				SUPPORTS_MACCATALYST = YES;
				SWIFT_EMIT_LOC_STRINGS = YES;
				SWIFT_OBJC_BRIDGING_HEADER = "";
				SWIFT_VERSION = 5.0;
				TARGETED_DEVICE_FAMILY = "1,2";
			};
			name = Release;
		};
		5AF8AAB22B0BDB8A005F3F10 /* Debug */ = {
			isa = XCBuildConfiguration;
			buildSettings = {
				CLANG_CXX_LANGUAGE_STANDARD = "c++20";
				CLANG_CXX_LIBRARY = "libc++";
				CODE_SIGN_ENTITLEMENTS = "AudioKit-Experiments-MIDI/AudioKit-Experiments-MIDI.entitlements";
				CODE_SIGN_STYLE = Automatic;
				CURRENT_PROJECT_VERSION = 1;
				DEVELOPMENT_TEAM = R6J85WRCEG;
				GENERATE_INFOPLIST_FILE = YES;
				INFOPLIST_FILE = "AudioKit-Experiments-MIDI/Info.plist";
				INFOPLIST_KEY_CFBundleDisplayName = "AudioKit-Experiments-MIDI";
				INFOPLIST_KEY_NSHumanReadableCopyright = "";
				LD_RUNPATH_SEARCH_PATHS = (
					"$(inherited)",
					"@executable_path/Frameworks",
					"@executable_path/../../Frameworks",
				);
				MARKETING_VERSION = 1.0;
				PRODUCT_BUNDLE_IDENTIFIER = "com.MobyPixel.AudioKit-Experiments.AudioKit-Experiments-MIDI";
				PRODUCT_NAME = "$(TARGET_NAME)";
				SKIP_INSTALL = YES;
				SUPPORTS_MACCATALYST = YES;
				SWIFT_EMIT_LOC_STRINGS = YES;
				SWIFT_OBJC_BRIDGING_HEADER = "AudioKit-Experiments-MIDI/Common/AudioKit_Experiments_MIDI-Bridging-Header.h";
				SWIFT_VERSION = 5.0;
				TARGETED_DEVICE_FAMILY = "1,2";
			};
			name = Debug;
		};
		5AF8AAB32B0BDB8A005F3F10 /* Release */ = {
			isa = XCBuildConfiguration;
			buildSettings = {
				CLANG_CXX_LANGUAGE_STANDARD = "c++20";
				CLANG_CXX_LIBRARY = "libc++";
				CODE_SIGN_ENTITLEMENTS = "AudioKit-Experiments-MIDI/AudioKit-Experiments-MIDI.entitlements";
				CODE_SIGN_STYLE = Automatic;
				CURRENT_PROJECT_VERSION = 1;
				DEVELOPMENT_TEAM = R6J85WRCEG;
				GENERATE_INFOPLIST_FILE = YES;
				INFOPLIST_FILE = "AudioKit-Experiments-MIDI/Info.plist";
				INFOPLIST_KEY_CFBundleDisplayName = "AudioKit-Experiments-MIDI";
				INFOPLIST_KEY_NSHumanReadableCopyright = "";
				LD_RUNPATH_SEARCH_PATHS = (
					"$(inherited)",
					"@executable_path/Frameworks",
					"@executable_path/../../Frameworks",
				);
				MARKETING_VERSION = 1.0;
				PRODUCT_BUNDLE_IDENTIFIER = "com.MobyPixel.AudioKit-Experiments.AudioKit-Experiments-MIDI";
				PRODUCT_NAME = "$(TARGET_NAME)";
				SKIP_INSTALL = YES;
				SUPPORTS_MACCATALYST = YES;
				SWIFT_EMIT_LOC_STRINGS = YES;
				SWIFT_OBJC_BRIDGING_HEADER = "AudioKit-Experiments-MIDI/Common/AudioKit_Experiments_MIDI-Bridging-Header.h";
				SWIFT_VERSION = 5.0;
				TARGETED_DEVICE_FAMILY = "1,2";
			};
			name = Release;
		};
/* End XCBuildConfiguration section */

/* Begin XCConfigurationList section */
		5A2B88952AF1479100366695 /* Build configuration list for PBXProject "AudioKit-Experiments" */ = {
			isa = XCConfigurationList;
			buildConfigurations = (
				5A2B88BC2AF1479300366695 /* Debug */,
				5A2B88BD2AF1479300366695 /* Release */,
			);
			defaultConfigurationIsVisible = 0;
			defaultConfigurationName = Release;
		};
		5A2B88BE2AF1479300366695 /* Build configuration list for PBXNativeTarget "AudioKit-Experiments" */ = {
			isa = XCConfigurationList;
			buildConfigurations = (
				5A2B88BF2AF1479300366695 /* Debug */,
				5A2B88C02AF1479300366695 /* Release */,
			);
			defaultConfigurationIsVisible = 0;
			defaultConfigurationName = Release;
		};
		5A2B88C12AF1479300366695 /* Build configuration list for PBXNativeTarget "AudioKit-ExperimentsTests" */ = {
			isa = XCConfigurationList;
			buildConfigurations = (
				5A2B88C22AF1479300366695 /* Debug */,
				5A2B88C32AF1479300366695 /* Release */,
			);
			defaultConfigurationIsVisible = 0;
			defaultConfigurationName = Release;
		};
		5A2B88C42AF1479300366695 /* Build configuration list for PBXNativeTarget "AudioKit-ExperimentsUITests" */ = {
			isa = XCConfigurationList;
			buildConfigurations = (
				5A2B88C52AF1479300366695 /* Debug */,
				5A2B88C62AF1479300366695 /* Release */,
			);
			defaultConfigurationIsVisible = 0;
			defaultConfigurationName = Release;
		};
		5A99A66A2B0D6B37003A2EFB /* Build configuration list for PBXNativeTarget "AudioKit-Experiments-Effects" */ = {
			isa = XCConfigurationList;
			buildConfigurations = (
				5A99A66B2B0D6B37003A2EFB /* Debug */,
				5A99A66C2B0D6B37003A2EFB /* Release */,
			);
			defaultConfigurationIsVisible = 0;
			defaultConfigurationName = Release;
		};
		5AF8AAB42B0BDB8A005F3F10 /* Build configuration list for PBXNativeTarget "AudioKit-Experiments-MIDI" */ = {
			isa = XCConfigurationList;
			buildConfigurations = (
				5AF8AAB22B0BDB8A005F3F10 /* Debug */,
				5AF8AAB32B0BDB8A005F3F10 /* Release */,
			);
			defaultConfigurationIsVisible = 0;
			defaultConfigurationName = Release;
		};
/* End XCConfigurationList section */

/* Begin XCRemoteSwiftPackageReference section */
		5A2B88C72AF1483700366695 /* XCRemoteSwiftPackageReference "AudioKit" */ = {
			isa = XCRemoteSwiftPackageReference;
			repositoryURL = "https://github.com/AudioKit/AudioKit";
			requirement = {
				kind = upToNextMajorVersion;
				minimumVersion = 5.6.2;
			};
		};
		5A2B88CC2AF154B200366695 /* XCRemoteSwiftPackageReference "Keyboard" */ = {
			isa = XCRemoteSwiftPackageReference;
			repositoryURL = "https://github.com/AudioKit/Keyboard";
			requirement = {
				kind = upToNextMajorVersion;
				minimumVersion = 1.3.6;
			};
		};
		5A2B88D32AF1558B00366695 /* XCRemoteSwiftPackageReference "MIDIKit" */ = {
			isa = XCRemoteSwiftPackageReference;
			repositoryURL = "https://github.com/orchetect/MIDIKit";
			requirement = {
				kind = upToNextMajorVersion;
				minimumVersion = 0.9.3;
			};
		};
		5A2B88D72AF1565E00366695 /* XCRemoteSwiftPackageReference "AudioKitUI" */ = {
			isa = XCRemoteSwiftPackageReference;
			repositoryURL = "https://github.com/AudioKit/AudioKitUI";
			requirement = {
				kind = upToNextMajorVersion;
				minimumVersion = 0.3.6;
			};
		};
		5A8D754E2B0E90CB003D1249 /* XCRemoteSwiftPackageReference "SoundpipeAudioKit" */ = {
			isa = XCRemoteSwiftPackageReference;
			repositoryURL = "https://github.com/AudioKit/SoundpipeAudioKit";
			requirement = {
				kind = upToNextMajorVersion;
				minimumVersion = 5.6.1;
			};
		};
		5ACD758F2AF53E49000E0A0E /* XCRemoteSwiftPackageReference "AudioKitEX" */ = {
			isa = XCRemoteSwiftPackageReference;
			repositoryURL = "https://github.com/AudioKit/AudioKitEX";
			requirement = {
				kind = upToNextMajorVersion;
				minimumVersion = 5.6.0;
			};
		};
		5ACD75922AF53E57000E0A0E /* XCRemoteSwiftPackageReference "Waveform" */ = {
			isa = XCRemoteSwiftPackageReference;
			repositoryURL = "https://github.com/AudioKit/Waveform";
			requirement = {
				kind = upToNextMajorVersion;
				minimumVersion = 1.0.2;
			};
		};
		5ACD759E2AF9799F000E0A0E /* XCRemoteSwiftPackageReference "SporthAudioKit" */ = {
			isa = XCRemoteSwiftPackageReference;
			repositoryURL = "https://github.com/AudioKit/SporthAudioKit";
			requirement = {
				kind = upToNextMajorVersion;
				minimumVersion = 5.5.1;
			};
		};
		5AD9485A2B04F93D00780DE2 /* XCRemoteSwiftPackageReference "DunneAudioKit" */ = {
			isa = XCRemoteSwiftPackageReference;
			repositoryURL = "https://github.com/AudioKit/DunneAudioKit";
			requirement = {
				kind = upToNextMajorVersion;
				minimumVersion = 5.6.1;
			};
		};
/* End XCRemoteSwiftPackageReference section */

/* Begin XCSwiftPackageProductDependency section */
		5A2B88C82AF1483700366695 /* AudioKit */ = {
			isa = XCSwiftPackageProductDependency;
			package = 5A2B88C72AF1483700366695 /* XCRemoteSwiftPackageReference "AudioKit" */;
			productName = AudioKit;
		};
		5A2B88CD2AF154B200366695 /* Keyboard */ = {
			isa = XCSwiftPackageProductDependency;
			package = 5A2B88CC2AF154B200366695 /* XCRemoteSwiftPackageReference "Keyboard" */;
			productName = Keyboard;
		};
		5A2B88D42AF1558B00366695 /* MIDIKit */ = {
			isa = XCSwiftPackageProductDependency;
			package = 5A2B88D32AF1558B00366695 /* XCRemoteSwiftPackageReference "MIDIKit" */;
			productName = MIDIKit;
		};
		5A2B88D82AF1565E00366695 /* AudioKitUI */ = {
			isa = XCSwiftPackageProductDependency;
			package = 5A2B88D72AF1565E00366695 /* XCRemoteSwiftPackageReference "AudioKitUI" */;
			productName = AudioKitUI;
		};
		5A8D75462B0E589F003D1249 /* AudioKitEX */ = {
			isa = XCSwiftPackageProductDependency;
			package = 5ACD758F2AF53E49000E0A0E /* XCRemoteSwiftPackageReference "AudioKitEX" */;
			productName = AudioKitEX;
		};
		5A8D75482B0E593A003D1249 /* DunneAudioKit */ = {
			isa = XCSwiftPackageProductDependency;
			productName = DunneAudioKit;
		};
		5A8D754F2B0E90D6003D1249 /* SoundpipeAudioKit */ = {
			isa = XCSwiftPackageProductDependency;
			package = 5A8D754E2B0E90CB003D1249 /* XCRemoteSwiftPackageReference "SoundpipeAudioKit" */;
			productName = SoundpipeAudioKit;
		};
		5A8D75512B0E90E4003D1249 /* SoundpipeAudioKit */ = {
			isa = XCSwiftPackageProductDependency;
			package = 5A8D754E2B0E90CB003D1249 /* XCRemoteSwiftPackageReference "SoundpipeAudioKit" */;
			productName = SoundpipeAudioKit;
		};
		5A99A66F2B0D8824003A2EFB /* AudioKit */ = {
			isa = XCSwiftPackageProductDependency;
			package = 5A2B88C72AF1483700366695 /* XCRemoteSwiftPackageReference "AudioKit" */;
			productName = AudioKit;
		};
		5ACD75902AF53E49000E0A0E /* AudioKitEX */ = {
			isa = XCSwiftPackageProductDependency;
			package = 5ACD758F2AF53E49000E0A0E /* XCRemoteSwiftPackageReference "AudioKitEX" */;
			productName = AudioKitEX;
		};
		5ACD75932AF53E57000E0A0E /* Waveform */ = {
			isa = XCSwiftPackageProductDependency;
			package = 5ACD75922AF53E57000E0A0E /* XCRemoteSwiftPackageReference "Waveform" */;
			productName = Waveform;
		};
		5ACD759F2AF9799F000E0A0E /* SporthAudioKit */ = {
			isa = XCSwiftPackageProductDependency;
			package = 5ACD759E2AF9799F000E0A0E /* XCRemoteSwiftPackageReference "SporthAudioKit" */;
			productName = SporthAudioKit;
		};
		5AD9485B2B04F93D00780DE2 /* DunneAudioKit */ = {
			isa = XCSwiftPackageProductDependency;
			package = 5AD9485A2B04F93D00780DE2 /* XCRemoteSwiftPackageReference "DunneAudioKit" */;
			productName = DunneAudioKit;
		};
		5AF8AAF02B0BDC71005F3F10 /* AudioKit */ = {
			isa = XCSwiftPackageProductDependency;
			package = 5A2B88C72AF1483700366695 /* XCRemoteSwiftPackageReference "AudioKit" */;
			productName = AudioKit;
		};
/* End XCSwiftPackageProductDependency section */
	};
	rootObject = 5A2B88922AF1479100366695 /* Project object */;
}
